
Microsoft Visual Studio Solution File, Format Version 12.00
# Visual Studio Version 16
VisualStudioVersion = 16.0.30503.244
MinimumVisualStudioVersion = 10.0.40219.1
Project("{FAE04EC0-301F-11D3-BF4B-00C04F79EFBC}") = "LabMVC", "LabMVC.csproj", "{AC3BE9FD-E275-4551-81A9-17A4028523F6}"
EndProject
Global
	GlobalSection(SolutionConfigurationPlatforms) = preSolution
		Debug|Any CPU = Debug|Any CPU
		Release|Any CPU = Release|Any CPU
	EndGlobalSection
	GlobalSection(ProjectConfigurationPlatforms) = postSolution
		{AC3BE9FD-E275-4551-81A9-17A4028523F6}.Debug|Any CPU.ActiveCfg = Debug|Any CPU
		{AC3BE9FD-E275-4551-81A9-17A4028523F6}.Debug|Any CPU.Build.0 = Debug|Any CPU
		{AC3BE9FD-E275-4551-81A9-17A4028523F6}.Release|Any CPU.ActiveCfg = Release|Any CPU
		{AC3BE9FD-E275-4551-81A9-17A4028523F6}.Release|Any CPU.Build.0 = Release|Any CPU
	EndGlobalSection
	GlobalSection(SolutionProperties) = preSolution
		HideSolutionNode = FALSE
	EndGlobalSection
	GlobalSection(ExtensibilityGlobals) = postSolution
		SolutionGuid = {3604668D-7D26-4F99-865F-37EA738A62AD}
	EndGlobalSection
EndGlobal
